// !$*UTF8*$!
{
	archiveVersion = 1;
	classes = {
	};
	objectVersion = 51;
	objects = {

/* Begin PBXBuildFile section */
		062891B723E8F51F00B6D698 /* SearchTableViewController.swift in Sources */ = {isa = PBXBuildFile; fileRef = 062891B623E8F51F00B6D698 /* SearchTableViewController.swift */; };
		063C67D323E9089F00A40895 /* UIImage+Extensions.swift in Sources */ = {isa = PBXBuildFile; fileRef = 063C67D223E9089F00A40895 /* UIImage+Extensions.swift */; };
		0643489823DE1519007F5F9F /* AppDelegate.swift in Sources */ = {isa = PBXBuildFile; fileRef = 0643489723DE1519007F5F9F /* AppDelegate.swift */; };
		0643489A23DE1519007F5F9F /* SceneDelegate.swift in Sources */ = {isa = PBXBuildFile; fileRef = 0643489923DE1519007F5F9F /* SceneDelegate.swift */; };
		064348A123DE151D007F5F9F /* Assets.xcassets in Resources */ = {isa = PBXBuildFile; fileRef = 064348A023DE151D007F5F9F /* Assets.xcassets */; };
		064348A423DE151D007F5F9F /* LaunchScreen.storyboard in Resources */ = {isa = PBXBuildFile; fileRef = 064348A223DE151D007F5F9F /* LaunchScreen.storyboard */; };
		0656EE9223EBA0A30031CB2A /* UIView+Extensions.swift in Sources */ = {isa = PBXBuildFile; fileRef = 0656EE9123EBA0A30031CB2A /* UIView+Extensions.swift */; };
		0656EE9423EBBDEB0031CB2A /* SettingsAnimator.swift in Sources */ = {isa = PBXBuildFile; fileRef = 0656EE9323EBBDEB0031CB2A /* SettingsAnimator.swift */; };
		06734A0123E246C900214A3D /* HomeTableViewCell.swift in Sources */ = {isa = PBXBuildFile; fileRef = 06734A0023E246C800214A3D /* HomeTableViewCell.swift */; };
		06B0A52923E247C7001ED66A /* Section.swift in Sources */ = {isa = PBXBuildFile; fileRef = 06B0A52823E247C7001ED66A /* Section.swift */; };
		06C9B9DA23FDF7900025CA8E /* User.swift in Sources */ = {isa = PBXBuildFile; fileRef = 06C9B9D923FDF7900025CA8E /* User.swift */; };
		06DB5E8523EB77A300F8D924 /* SettingsViewController.swift in Sources */ = {isa = PBXBuildFile; fileRef = 06DB5E8423EB77A300F8D924 /* SettingsViewController.swift */; };
		85B7209D1C37F77FD0A7F126 /* Pods_CourseGrab.framework in Frameworks */ = {isa = PBXBuildFile; fileRef = 8FE3425F1D82C2F91324A7D8 /* Pods_CourseGrab.framework */; };
		B616503523F08ACF00B38C52 /* Endpoints.swift in Sources */ = {isa = PBXBuildFile; fileRef = B616503423F08ACF00B38C52 /* Endpoints.swift */; };
		B616503723F08CA100B38C52 /* Body.swift in Sources */ = {isa = PBXBuildFile; fileRef = B616503623F08CA100B38C52 /* Body.swift */; };
		B616503923F0945D00B38C52 /* Response.swift in Sources */ = {isa = PBXBuildFile; fileRef = B616503823F0945D00B38C52 /* Response.swift */; };
		B616503D23F0C2E200B38C52 /* UserDefaults+Extensions.swift in Sources */ = {isa = PBXBuildFile; fileRef = B616503C23F0C2E200B38C52 /* UserDefaults+Extensions.swift */; };
		B643598823FDF7940049270B /* SearchTableViewHeader.swift in Sources */ = {isa = PBXBuildFile; fileRef = B643598723FDF7940049270B /* SearchTableViewHeader.swift */; };
		B643599023FE066D0049270B /* Keys.plist in Resources */ = {isa = PBXBuildFile; fileRef = B643598E23FE066D0049270B /* Keys.plist */; };
		B6435996240728F20049270B /* SessionAuthorization.swift in Sources */ = {isa = PBXBuildFile; fileRef = B6435995240728F20049270B /* SessionAuthorization.swift */; };
		B654C59123DE38DB00F05141 /* UIColor+Extensions.swift in Sources */ = {isa = PBXBuildFile; fileRef = B654C59023DE38DB00F05141 /* UIColor+Extensions.swift */; };
		B654C59323DE38ED00F05141 /* UIFont+Extensions.swift in Sources */ = {isa = PBXBuildFile; fileRef = B654C59223DE38ED00F05141 /* UIFont+Extensions.swift */; };
		B6FAEF1B23E9FC5B0076B239 /* HomeTableViewHeader.swift in Sources */ = {isa = PBXBuildFile; fileRef = B6FAEF1A23E9FC5B0076B239 /* HomeTableViewHeader.swift */; };
		B6FAEF1D23EB83C70076B239 /* Course.swift in Sources */ = {isa = PBXBuildFile; fileRef = B6FAEF1C23EB83C70076B239 /* Course.swift */; };
		C2E8CE0A24107160005ADA25 /* NetworkManager.swift in Sources */ = {isa = PBXBuildFile; fileRef = C2E8CE0924107160005ADA25 /* NetworkManager.swift */; };
		C8626A0D23E34FC20039CC14 /* SearchDetailCardTableViewCell.swift in Sources */ = {isa = PBXBuildFile; fileRef = C8626A0C23E34FC20039CC14 /* SearchDetailCardTableViewCell.swift */; };
		C877FC1023DE6E07004D06EA /* MainNavigationController.swift in Sources */ = {isa = PBXBuildFile; fileRef = C877FC0F23DE6E07004D06EA /* MainNavigationController.swift */; };
		C87CA7A623EA0E6E00242E1F /* SearchTableViewCell.swift in Sources */ = {isa = PBXBuildFile; fileRef = C87CA7A523EA0E6E00242E1F /* SearchTableViewCell.swift */; };
		C8A3D52E23E0D70B0007E488 /* Keys.swift in Sources */ = {isa = PBXBuildFile; fileRef = C8A3D52C23E0D70A0007E488 /* Keys.swift */; };
		C8A3D53823E23C2B0007E488 /* SearchDetailTableViewController.swift in Sources */ = {isa = PBXBuildFile; fileRef = C8A3D53723E23C2B0007E488 /* SearchDetailTableViewController.swift */; };
		C8A3D53A23E23D530007E488 /* SearchDetailTableViewCell.swift in Sources */ = {isa = PBXBuildFile; fileRef = C8A3D53923E23D530007E488 /* SearchDetailTableViewCell.swift */; };
		C8A3D54223E24BEC0007E488 /* LoginViewController.swift in Sources */ = {isa = PBXBuildFile; fileRef = C8A3D54123E24BEC0007E488 /* LoginViewController.swift */; };
		C8B3FD9723FDF2310001F961 /* NotificationModalViewController.swift in Sources */ = {isa = PBXBuildFile; fileRef = C8B3FD9623FDF2310001F961 /* NotificationModalViewController.swift */; };
		C8E8A1A42409967A00A0D4D8 /* HomeTableViewController.swift in Sources */ = {isa = PBXBuildFile; fileRef = C8E8A1A32409967A00A0D4D8 /* HomeTableViewController.swift */; };
		C8E8A1A62409973100A0D4D8 /* GoogleService-Info.plist in Resources */ = {isa = PBXBuildFile; fileRef = C8E8A1A52409973100A0D4D8 /* GoogleService-Info.plist */; };
/* End PBXBuildFile section */

/* Begin PBXFileReference section */
		062891B623E8F51F00B6D698 /* SearchTableViewController.swift */ = {isa = PBXFileReference; lastKnownFileType = sourcecode.swift; path = SearchTableViewController.swift; sourceTree = "<group>"; };
		063C67D223E9089F00A40895 /* UIImage+Extensions.swift */ = {isa = PBXFileReference; lastKnownFileType = sourcecode.swift; path = "UIImage+Extensions.swift"; sourceTree = "<group>"; };
		0643489423DE1519007F5F9F /* CourseGrab.app */ = {isa = PBXFileReference; explicitFileType = wrapper.application; includeInIndex = 0; path = CourseGrab.app; sourceTree = BUILT_PRODUCTS_DIR; };
		0643489723DE1519007F5F9F /* AppDelegate.swift */ = {isa = PBXFileReference; lastKnownFileType = sourcecode.swift; path = AppDelegate.swift; sourceTree = "<group>"; };
		0643489923DE1519007F5F9F /* SceneDelegate.swift */ = {isa = PBXFileReference; lastKnownFileType = sourcecode.swift; path = SceneDelegate.swift; sourceTree = "<group>"; };
		064348A023DE151D007F5F9F /* Assets.xcassets */ = {isa = PBXFileReference; lastKnownFileType = folder.assetcatalog; path = Assets.xcassets; sourceTree = "<group>"; };
		064348A323DE151D007F5F9F /* Base */ = {isa = PBXFileReference; lastKnownFileType = file.storyboard; name = Base; path = Base.lproj/LaunchScreen.storyboard; sourceTree = "<group>"; };
		064348A523DE151D007F5F9F /* Info.plist */ = {isa = PBXFileReference; lastKnownFileType = text.plist.xml; path = Info.plist; sourceTree = "<group>"; };
		0656EE9123EBA0A30031CB2A /* UIView+Extensions.swift */ = {isa = PBXFileReference; lastKnownFileType = sourcecode.swift; path = "UIView+Extensions.swift"; sourceTree = "<group>"; };
		0656EE9323EBBDEB0031CB2A /* SettingsAnimator.swift */ = {isa = PBXFileReference; lastKnownFileType = sourcecode.swift; path = SettingsAnimator.swift; sourceTree = "<group>"; };
		06675D0D23E2859F00AF1884 /* HomeTableViewController.swift */ = {isa = PBXFileReference; fileEncoding = 4; lastKnownFileType = sourcecode.swift; path = HomeTableViewController.swift; sourceTree = "<group>"; };
		06734A0023E246C800214A3D /* HomeTableViewCell.swift */ = {isa = PBXFileReference; lastKnownFileType = sourcecode.swift; path = HomeTableViewCell.swift; sourceTree = "<group>"; };
		067F000123E918C400F78B36 /* Podfile */ = {isa = PBXFileReference; lastKnownFileType = text; path = Podfile; sourceTree = SOURCE_ROOT; xcLanguageSpecificationIdentifier = xcode.lang.ruby; };
		06B0A52823E247C7001ED66A /* Section.swift */ = {isa = PBXFileReference; fileEncoding = 4; lastKnownFileType = sourcecode.swift; path = Section.swift; sourceTree = "<group>"; };
		06C9B9D923FDF7900025CA8E /* User.swift */ = {isa = PBXFileReference; lastKnownFileType = sourcecode.swift; path = User.swift; sourceTree = "<group>"; };
		06DB5E8423EB77A300F8D924 /* SettingsViewController.swift */ = {isa = PBXFileReference; lastKnownFileType = sourcecode.swift; path = SettingsViewController.swift; sourceTree = "<group>"; };
		4A0876CB3C16675F30651B4B /* Pods-CourseGrab.release.xcconfig */ = {isa = PBXFileReference; includeInIndex = 1; lastKnownFileType = text.xcconfig; name = "Pods-CourseGrab.release.xcconfig"; path = "Target Support Files/Pods-CourseGrab/Pods-CourseGrab.release.xcconfig"; sourceTree = "<group>"; };
		8FE3425F1D82C2F91324A7D8 /* Pods_CourseGrab.framework */ = {isa = PBXFileReference; explicitFileType = wrapper.framework; includeInIndex = 0; path = Pods_CourseGrab.framework; sourceTree = BUILT_PRODUCTS_DIR; };
		96351132E2528A1085B69A7A /* Pods-CourseGrab.debug.xcconfig */ = {isa = PBXFileReference; includeInIndex = 1; lastKnownFileType = text.xcconfig; name = "Pods-CourseGrab.debug.xcconfig"; path = "Target Support Files/Pods-CourseGrab/Pods-CourseGrab.debug.xcconfig"; sourceTree = "<group>"; };
		B616503423F08ACF00B38C52 /* Endpoints.swift */ = {isa = PBXFileReference; lastKnownFileType = sourcecode.swift; path = Endpoints.swift; sourceTree = "<group>"; };
		B616503623F08CA100B38C52 /* Body.swift */ = {isa = PBXFileReference; lastKnownFileType = sourcecode.swift; path = Body.swift; sourceTree = "<group>"; };
		B616503823F0945D00B38C52 /* Response.swift */ = {isa = PBXFileReference; lastKnownFileType = sourcecode.swift; path = Response.swift; sourceTree = "<group>"; };
		B616503C23F0C2E200B38C52 /* UserDefaults+Extensions.swift */ = {isa = PBXFileReference; lastKnownFileType = sourcecode.swift; path = "UserDefaults+Extensions.swift"; sourceTree = "<group>"; };
		B643598723FDF7940049270B /* SearchTableViewHeader.swift */ = {isa = PBXFileReference; lastKnownFileType = sourcecode.swift; path = SearchTableViewHeader.swift; sourceTree = "<group>"; };
		B643598E23FE066D0049270B /* Keys.plist */ = {isa = PBXFileReference; fileEncoding = 4; lastKnownFileType = text.plist.xml; path = Keys.plist; sourceTree = "<group>"; };
		B6435995240728F20049270B /* SessionAuthorization.swift */ = {isa = PBXFileReference; lastKnownFileType = sourcecode.swift; path = SessionAuthorization.swift; sourceTree = "<group>"; };
		B654C59023DE38DB00F05141 /* UIColor+Extensions.swift */ = {isa = PBXFileReference; lastKnownFileType = sourcecode.swift; path = "UIColor+Extensions.swift"; sourceTree = "<group>"; };
		B654C59223DE38ED00F05141 /* UIFont+Extensions.swift */ = {isa = PBXFileReference; lastKnownFileType = sourcecode.swift; path = "UIFont+Extensions.swift"; sourceTree = "<group>"; };
		B6FAEF1A23E9FC5B0076B239 /* HomeTableViewHeader.swift */ = {isa = PBXFileReference; lastKnownFileType = sourcecode.swift; path = HomeTableViewHeader.swift; sourceTree = "<group>"; };
		B6FAEF1C23EB83C70076B239 /* Course.swift */ = {isa = PBXFileReference; lastKnownFileType = sourcecode.swift; path = Course.swift; sourceTree = "<group>"; };
		C2E8CE062410703E005ADA25 /* CourseGrab.entitlements */ = {isa = PBXFileReference; lastKnownFileType = text.plist.entitlements; path = CourseGrab.entitlements; sourceTree = "<group>"; };
		C2E8CE0924107160005ADA25 /* NetworkManager.swift */ = {isa = PBXFileReference; lastKnownFileType = sourcecode.swift; path = NetworkManager.swift; sourceTree = "<group>"; };
		C8626A0C23E34FC20039CC14 /* SearchDetailCardTableViewCell.swift */ = {isa = PBXFileReference; lastKnownFileType = sourcecode.swift; path = SearchDetailCardTableViewCell.swift; sourceTree = "<group>"; };
		C877FC0F23DE6E07004D06EA /* MainNavigationController.swift */ = {isa = PBXFileReference; lastKnownFileType = sourcecode.swift; path = MainNavigationController.swift; sourceTree = "<group>"; };
		C87CA7A523EA0E6E00242E1F /* SearchTableViewCell.swift */ = {isa = PBXFileReference; lastKnownFileType = sourcecode.swift; path = SearchTableViewCell.swift; sourceTree = "<group>"; };
		C8A3D52C23E0D70A0007E488 /* Keys.swift */ = {isa = PBXFileReference; fileEncoding = 4; lastKnownFileType = sourcecode.swift; path = Keys.swift; sourceTree = "<group>"; };
		C8A3D53723E23C2B0007E488 /* SearchDetailTableViewController.swift */ = {isa = PBXFileReference; lastKnownFileType = sourcecode.swift; path = SearchDetailTableViewController.swift; sourceTree = "<group>"; };
		C8A3D53923E23D530007E488 /* SearchDetailTableViewCell.swift */ = {isa = PBXFileReference; lastKnownFileType = sourcecode.swift; path = SearchDetailTableViewCell.swift; sourceTree = "<group>"; };
		C8A3D54123E24BEC0007E488 /* LoginViewController.swift */ = {isa = PBXFileReference; fileEncoding = 4; lastKnownFileType = sourcecode.swift; path = LoginViewController.swift; sourceTree = "<group>"; };
		C8B3FD9623FDF2310001F961 /* NotificationModalViewController.swift */ = {isa = PBXFileReference; lastKnownFileType = sourcecode.swift; path = NotificationModalViewController.swift; sourceTree = "<group>"; };
		C8E8A1A32409967A00A0D4D8 /* HomeTableViewController.swift */ = {isa = PBXFileReference; fileEncoding = 4; lastKnownFileType = sourcecode.swift; path = HomeTableViewController.swift; sourceTree = "<group>"; };
		C8E8A1A52409973100A0D4D8 /* GoogleService-Info.plist */ = {isa = PBXFileReference; fileEncoding = 4; lastKnownFileType = text.plist.xml; name = "GoogleService-Info.plist"; path = "../../../../../Downloads/GoogleService-Info.plist"; sourceTree = "<group>"; };
/* End PBXFileReference section */

/* Begin PBXFrameworksBuildPhase section */
		0643489123DE1519007F5F9F /* Frameworks */ = {
			isa = PBXFrameworksBuildPhase;
			buildActionMask = 2147483647;
			files = (
				85B7209D1C37F77FD0A7F126 /* Pods_CourseGrab.framework in Frameworks */,
			);
			runOnlyForDeploymentPostprocessing = 0;
		};
/* End PBXFrameworksBuildPhase section */

/* Begin PBXGroup section */
		062891B823E8F52800B6D698 /* Search */ = {
			isa = PBXGroup;
			children = (
				062891B623E8F51F00B6D698 /* SearchTableViewController.swift */,
				B643598723FDF7940049270B /* SearchTableViewHeader.swift */,
				C87CA7A523EA0E6E00242E1F /* SearchTableViewCell.swift */,
			);
			path = Search;
			sourceTree = "<group>";
		};
		0643488B23DE1519007F5F9F = {
			isa = PBXGroup;
			children = (
				0643489623DE1519007F5F9F /* CourseGrab */,
				0643489523DE1519007F5F9F /* Products */,
				D0E2779A889C5714B178D99B /* Pods */,
				7B5D621EDA87C295389BD920 /* Frameworks */,
				C8E8A1A22409964500A0D4D8 /* Recovered References */,
			);
			sourceTree = "<group>";
		};
		0643489523DE1519007F5F9F /* Products */ = {
			isa = PBXGroup;
			children = (
				0643489423DE1519007F5F9F /* CourseGrab.app */,
			);
			name = Products;
			sourceTree = "<group>";
		};
		0643489623DE1519007F5F9F /* CourseGrab */ = {
			isa = PBXGroup;
			children = (
				C2E8CE062410703E005ADA25 /* CourseGrab.entitlements */,
				0643489723DE1519007F5F9F /* AppDelegate.swift */,
				0643489923DE1519007F5F9F /* SceneDelegate.swift */,
				C8A3D53B23E23D610007E488 /* ViewControllers */,
				06777ABB23E24E55005C74AC /* Models */,
				B616503323F08A6900B38C52 /* Network */,
				B654C59423DE38F400F05141 /* Extensions */,
				06777ABC23E24E72005C74AC /* Supporting */,
			);
			path = CourseGrab;
			sourceTree = "<group>";
		};
		06777ABB23E24E55005C74AC /* Models */ = {
			isa = PBXGroup;
			children = (
				B6FAEF1C23EB83C70076B239 /* Course.swift */,
				06B0A52823E247C7001ED66A /* Section.swift */,
				B6435995240728F20049270B /* SessionAuthorization.swift */,
				06C9B9D923FDF7900025CA8E /* User.swift */,
			);
			path = Models;
			sourceTree = "<group>";
		};
		06777ABC23E24E72005C74AC /* Supporting */ = {
			isa = PBXGroup;
			children = (
				064348A023DE151D007F5F9F /* Assets.xcassets */,
				064348A523DE151D007F5F9F /* Info.plist */,
				B643598E23FE066D0049270B /* Keys.plist */,
				C8E8A1A52409973100A0D4D8 /* GoogleService-Info.plist */,
				C8A3D52C23E0D70A0007E488 /* Keys.swift */,
				064348A223DE151D007F5F9F /* LaunchScreen.storyboard */,
				067F000123E918C400F78B36 /* Podfile */,
			);
			path = Supporting;
			sourceTree = "<group>";
		};
		06DB5E8623EB77BC00F8D924 /* Settings */ = {
			isa = PBXGroup;
			children = (
				06DB5E8423EB77A300F8D924 /* SettingsViewController.swift */,
				0656EE9323EBBDEB0031CB2A /* SettingsAnimator.swift */,
			);
			path = Settings;
			sourceTree = "<group>";
		};
		7B5D621EDA87C295389BD920 /* Frameworks */ = {
			isa = PBXGroup;
			children = (
				8FE3425F1D82C2F91324A7D8 /* Pods_CourseGrab.framework */,
			);
			name = Frameworks;
			sourceTree = "<group>";
		};
		B616503323F08A6900B38C52 /* Network */ = {
			isa = PBXGroup;
			children = (
				B616503423F08ACF00B38C52 /* Endpoints.swift */,
				B616503623F08CA100B38C52 /* Body.swift */,
				B616503823F0945D00B38C52 /* Response.swift */,
				C2E8CE0924107160005ADA25 /* NetworkManager.swift */,
			);
			path = Network;
			sourceTree = "<group>";
		};
		B654C59423DE38F400F05141 /* Extensions */ = {
			isa = PBXGroup;
			children = (
				B654C59023DE38DB00F05141 /* UIColor+Extensions.swift */,
				B654C59223DE38ED00F05141 /* UIFont+Extensions.swift */,
				063C67D223E9089F00A40895 /* UIImage+Extensions.swift */,
				0656EE9123EBA0A30031CB2A /* UIView+Extensions.swift */,
				B616503C23F0C2E200B38C52 /* UserDefaults+Extensions.swift */,
			);
			path = Extensions;
			sourceTree = "<group>";
		};
		C8A3D53B23E23D610007E488 /* ViewControllers */ = {
			isa = PBXGroup;
			children = (
				C877FC0F23DE6E07004D06EA /* MainNavigationController.swift */,
				C8A3D53F23E23E540007E488 /* Login */,
				C8A3D54523E24C6C0007E488 /* Home */,
				062891B823E8F52800B6D698 /* Search */,
				C8A3D53C23E23E130007E488 /* SearchDetail */,
				06DB5E8623EB77BC00F8D924 /* Settings */,
				C8B3FD9523FDF2060001F961 /* Notification */,
			);
			path = ViewControllers;
			sourceTree = "<group>";
		};
		C8A3D53C23E23E130007E488 /* SearchDetail */ = {
			isa = PBXGroup;
			children = (
				C8A3D53723E23C2B0007E488 /* SearchDetailTableViewController.swift */,
				C8626A0C23E34FC20039CC14 /* SearchDetailCardTableViewCell.swift */,
				C8A3D53923E23D530007E488 /* SearchDetailTableViewCell.swift */,
			);
			path = SearchDetail;
			sourceTree = "<group>";
		};
		C8A3D53F23E23E540007E488 /* Login */ = {
			isa = PBXGroup;
			children = (
				C8A3D54123E24BEC0007E488 /* LoginViewController.swift */,
			);
			path = Login;
			sourceTree = "<group>";
		};
		C8A3D54523E24C6C0007E488 /* Home */ = {
			isa = PBXGroup;
			children = (
				C8E8A1A32409967A00A0D4D8 /* HomeTableViewController.swift */,
				B6FAEF1A23E9FC5B0076B239 /* HomeTableViewHeader.swift */,
				06734A0023E246C800214A3D /* HomeTableViewCell.swift */,
			);
			name = Home;
			path = ../Home;
			sourceTree = "<group>";
		};
		C8B3FD9523FDF2060001F961 /* Notification */ = {
			isa = PBXGroup;
			children = (
				C8B3FD9623FDF2310001F961 /* NotificationModalViewController.swift */,
			);
			path = Notification;
			sourceTree = "<group>";
		};
		C8E8A1A22409964500A0D4D8 /* Recovered References */ = {
			isa = PBXGroup;
			children = (
				06675D0D23E2859F00AF1884 /* HomeTableViewController.swift */,
			);
			name = "Recovered References";
			sourceTree = "<group>";
		};
		D0E2779A889C5714B178D99B /* Pods */ = {
			isa = PBXGroup;
			children = (
				96351132E2528A1085B69A7A /* Pods-CourseGrab.debug.xcconfig */,
				4A0876CB3C16675F30651B4B /* Pods-CourseGrab.release.xcconfig */,
			);
			path = Pods;
			sourceTree = "<group>";
		};
/* End PBXGroup section */

/* Begin PBXNativeTarget section */
		0643489323DE1519007F5F9F /* CourseGrab */ = {
			isa = PBXNativeTarget;
			buildConfigurationList = 064348A823DE151D007F5F9F /* Build configuration list for PBXNativeTarget "CourseGrab" */;
			buildPhases = (
				15B6BB7D1D9539506A0F6FD5 /* [CP] Check Pods Manifest.lock */,
				0643489023DE1519007F5F9F /* Sources */,
				0643489123DE1519007F5F9F /* Frameworks */,
				0643489223DE1519007F5F9F /* Resources */,
				05EF7F1F3C4171EA9F0FBD7F /* [CP] Embed Pods Frameworks */,
				40C9B7D125BB8D348445A5E5 /* [CP] Copy Pods Resources */,
			);
			buildRules = (
			);
			dependencies = (
			);
			name = CourseGrab;
			productName = CourseGrab;
			productReference = 0643489423DE1519007F5F9F /* CourseGrab.app */;
			productType = "com.apple.product-type.application";
		};
/* End PBXNativeTarget section */

/* Begin PBXProject section */
		0643488C23DE1519007F5F9F /* Project object */ = {
			isa = PBXProject;
			attributes = {
				LastSwiftUpdateCheck = 1130;
				LastUpgradeCheck = 1130;
				ORGANIZATIONNAME = "Cornell AppDev";
				TargetAttributes = {
					0643489323DE1519007F5F9F = {
						CreatedOnToolsVersion = 11.3;
					};
				};
			};
			buildConfigurationList = 0643488F23DE1519007F5F9F /* Build configuration list for PBXProject "CourseGrab" */;
			compatibilityVersion = "Xcode 9.3";
			developmentRegion = en;
			hasScannedForEncodings = 0;
			knownRegions = (
				en,
				Base,
			);
			mainGroup = 0643488B23DE1519007F5F9F;
			productRefGroup = 0643489523DE1519007F5F9F /* Products */;
			projectDirPath = "";
			projectRoot = "";
			targets = (
				0643489323DE1519007F5F9F /* CourseGrab */,
			);
		};
/* End PBXProject section */

/* Begin PBXResourcesBuildPhase section */
		0643489223DE1519007F5F9F /* Resources */ = {
			isa = PBXResourcesBuildPhase;
			buildActionMask = 2147483647;
			files = (
				B643599023FE066D0049270B /* Keys.plist in Resources */,
				C8E8A1A62409973100A0D4D8 /* GoogleService-Info.plist in Resources */,
				064348A423DE151D007F5F9F /* LaunchScreen.storyboard in Resources */,
				064348A123DE151D007F5F9F /* Assets.xcassets in Resources */,
			);
			runOnlyForDeploymentPostprocessing = 0;
		};
/* End PBXResourcesBuildPhase section */

/* Begin PBXShellScriptBuildPhase section */
		05EF7F1F3C4171EA9F0FBD7F /* [CP] Embed Pods Frameworks */ = {
			isa = PBXShellScriptBuildPhase;
			buildActionMask = 2147483647;
			files = (
			);
			inputFileListPaths = (
				"${PODS_ROOT}/Target Support Files/Pods-CourseGrab/Pods-CourseGrab-frameworks-${CONFIGURATION}-input-files.xcfilelist",
			);
			name = "[CP] Embed Pods Frameworks";
			outputFileListPaths = (
				"${PODS_ROOT}/Target Support Files/Pods-CourseGrab/Pods-CourseGrab-frameworks-${CONFIGURATION}-output-files.xcfilelist",
			);
			runOnlyForDeploymentPostprocessing = 0;
			shellPath = /bin/sh;
			shellScript = "\"${PODS_ROOT}/Target Support Files/Pods-CourseGrab/Pods-CourseGrab-frameworks.sh\"\n";
			showEnvVarsInLog = 0;
		};
		15B6BB7D1D9539506A0F6FD5 /* [CP] Check Pods Manifest.lock */ = {
			isa = PBXShellScriptBuildPhase;
			buildActionMask = 2147483647;
			files = (
			);
			inputFileListPaths = (
			);
			inputPaths = (
				"${PODS_PODFILE_DIR_PATH}/Podfile.lock",
				"${PODS_ROOT}/Manifest.lock",
			);
			name = "[CP] Check Pods Manifest.lock";
			outputFileListPaths = (
			);
			outputPaths = (
				"$(DERIVED_FILE_DIR)/Pods-CourseGrab-checkManifestLockResult.txt",
			);
			runOnlyForDeploymentPostprocessing = 0;
			shellPath = /bin/sh;
			shellScript = "diff \"${PODS_PODFILE_DIR_PATH}/Podfile.lock\" \"${PODS_ROOT}/Manifest.lock\" > /dev/null\nif [ $? != 0 ] ; then\n    # print error to STDERR\n    echo \"error: The sandbox is not in sync with the Podfile.lock. Run 'pod install' or update your CocoaPods installation.\" >&2\n    exit 1\nfi\n# This output is used by Xcode 'outputs' to avoid re-running this script phase.\necho \"SUCCESS\" > \"${SCRIPT_OUTPUT_FILE_0}\"\n";
			showEnvVarsInLog = 0;
		};
		40C9B7D125BB8D348445A5E5 /* [CP] Copy Pods Resources */ = {
			isa = PBXShellScriptBuildPhase;
			buildActionMask = 2147483647;
			files = (
			);
			inputFileListPaths = (
				"${PODS_ROOT}/Target Support Files/Pods-CourseGrab/Pods-CourseGrab-resources-${CONFIGURATION}-input-files.xcfilelist",
			);
			name = "[CP] Copy Pods Resources";
			outputFileListPaths = (
				"${PODS_ROOT}/Target Support Files/Pods-CourseGrab/Pods-CourseGrab-resources-${CONFIGURATION}-output-files.xcfilelist",
			);
			runOnlyForDeploymentPostprocessing = 0;
			shellPath = /bin/sh;
			shellScript = "\"${PODS_ROOT}/Target Support Files/Pods-CourseGrab/Pods-CourseGrab-resources.sh\"\n";
			showEnvVarsInLog = 0;
		};
/* End PBXShellScriptBuildPhase section */

/* Begin PBXSourcesBuildPhase section */
		0643489023DE1519007F5F9F /* Sources */ = {
			isa = PBXSourcesBuildPhase;
			buildActionMask = 2147483647;
			files = (
				C8A3D54223E24BEC0007E488 /* LoginViewController.swift in Sources */,
				0656EE9223EBA0A30031CB2A /* UIView+Extensions.swift in Sources */,
				B654C59323DE38ED00F05141 /* UIFont+Extensions.swift in Sources */,
				0656EE9423EBBDEB0031CB2A /* SettingsAnimator.swift in Sources */,
				C8626A0D23E34FC20039CC14 /* SearchDetailCardTableViewCell.swift in Sources */,
				06C9B9DA23FDF7900025CA8E /* User.swift in Sources */,
				C8A3D52E23E0D70B0007E488 /* Keys.swift in Sources */,
				B616503923F0945D00B38C52 /* Response.swift in Sources */,
				C877FC1023DE6E07004D06EA /* MainNavigationController.swift in Sources */,
				B6FAEF1D23EB83C70076B239 /* Course.swift in Sources */,
				06B0A52923E247C7001ED66A /* Section.swift in Sources */,
				06734A0123E246C900214A3D /* HomeTableViewCell.swift in Sources */,
				C2E8CE0A24107160005ADA25 /* NetworkManager.swift in Sources */,
				06DB5E8523EB77A300F8D924 /* SettingsViewController.swift in Sources */,
				063C67D323E9089F00A40895 /* UIImage+Extensions.swift in Sources */,
				B6435996240728F20049270B /* SessionAuthorization.swift in Sources */,
				B616503723F08CA100B38C52 /* Body.swift in Sources */,
				0643489823DE1519007F5F9F /* AppDelegate.swift in Sources */,
				B616503523F08ACF00B38C52 /* Endpoints.swift in Sources */,
				B616503D23F0C2E200B38C52 /* UserDefaults+Extensions.swift in Sources */,
				B643598823FDF7940049270B /* SearchTableViewHeader.swift in Sources */,
				B6FAEF1B23E9FC5B0076B239 /* HomeTableViewHeader.swift in Sources */,
				C8E8A1A42409967A00A0D4D8 /* HomeTableViewController.swift in Sources */,
				C8B3FD9723FDF2310001F961 /* NotificationModalViewController.swift in Sources */,
				062891B723E8F51F00B6D698 /* SearchTableViewController.swift in Sources */,
				C8A3D53823E23C2B0007E488 /* SearchDetailTableViewController.swift in Sources */,
				C8A3D53A23E23D530007E488 /* SearchDetailTableViewCell.swift in Sources */,
				B654C59123DE38DB00F05141 /* UIColor+Extensions.swift in Sources */,
				C87CA7A623EA0E6E00242E1F /* SearchTableViewCell.swift in Sources */,
				0643489A23DE1519007F5F9F /* SceneDelegate.swift in Sources */,
			);
			runOnlyForDeploymentPostprocessing = 0;
		};
/* End PBXSourcesBuildPhase section */

/* Begin PBXVariantGroup section */
		064348A223DE151D007F5F9F /* LaunchScreen.storyboard */ = {
			isa = PBXVariantGroup;
			children = (
				064348A323DE151D007F5F9F /* Base */,
			);
			name = LaunchScreen.storyboard;
			sourceTree = "<group>";
		};
/* End PBXVariantGroup section */

/* Begin XCBuildConfiguration section */
		064348A623DE151D007F5F9F /* Debug */ = {
			isa = XCBuildConfiguration;
			buildSettings = {
				ALWAYS_SEARCH_USER_PATHS = NO;
				CLANG_ANALYZER_NONNULL = YES;
				CLANG_ANALYZER_NUMBER_OBJECT_CONVERSION = YES_AGGRESSIVE;
				CLANG_CXX_LANGUAGE_STANDARD = "gnu++14";
				CLANG_CXX_LIBRARY = "libc++";
				CLANG_ENABLE_MODULES = YES;
				CLANG_ENABLE_OBJC_ARC = YES;
				CLANG_ENABLE_OBJC_WEAK = YES;
				CLANG_WARN_BLOCK_CAPTURE_AUTORELEASING = YES;
				CLANG_WARN_BOOL_CONVERSION = YES;
				CLANG_WARN_COMMA = YES;
				CLANG_WARN_CONSTANT_CONVERSION = YES;
				CLANG_WARN_DEPRECATED_OBJC_IMPLEMENTATIONS = YES;
				CLANG_WARN_DIRECT_OBJC_ISA_USAGE = YES_ERROR;
				CLANG_WARN_DOCUMENTATION_COMMENTS = YES;
				CLANG_WARN_EMPTY_BODY = YES;
				CLANG_WARN_ENUM_CONVERSION = YES;
				CLANG_WARN_INFINITE_RECURSION = YES;
				CLANG_WARN_INT_CONVERSION = YES;
				CLANG_WARN_NON_LITERAL_NULL_CONVERSION = YES;
				CLANG_WARN_OBJC_IMPLICIT_RETAIN_SELF = YES;
				CLANG_WARN_OBJC_LITERAL_CONVERSION = YES;
				CLANG_WARN_OBJC_ROOT_CLASS = YES_ERROR;
				CLANG_WARN_RANGE_LOOP_ANALYSIS = YES;
				CLANG_WARN_STRICT_PROTOTYPES = YES;
				CLANG_WARN_SUSPICIOUS_MOVE = YES;
				CLANG_WARN_UNGUARDED_AVAILABILITY = YES_AGGRESSIVE;
				CLANG_WARN_UNREACHABLE_CODE = YES;
				CLANG_WARN__DUPLICATE_METHOD_MATCH = YES;
				COPY_PHASE_STRIP = NO;
				DEBUG_INFORMATION_FORMAT = dwarf;
				ENABLE_STRICT_OBJC_MSGSEND = YES;
				ENABLE_TESTABILITY = YES;
				GCC_C_LANGUAGE_STANDARD = gnu11;
				GCC_DYNAMIC_NO_PIC = NO;
				GCC_NO_COMMON_BLOCKS = YES;
				GCC_OPTIMIZATION_LEVEL = 0;
				GCC_PREPROCESSOR_DEFINITIONS = (
					"DEBUG=1",
					"$(inherited)",
				);
				GCC_WARN_64_TO_32_BIT_CONVERSION = YES;
				GCC_WARN_ABOUT_RETURN_TYPE = YES_ERROR;
				GCC_WARN_UNDECLARED_SELECTOR = YES;
				GCC_WARN_UNINITIALIZED_AUTOS = YES_AGGRESSIVE;
				GCC_WARN_UNUSED_FUNCTION = YES;
				GCC_WARN_UNUSED_VARIABLE = YES;
				IPHONEOS_DEPLOYMENT_TARGET = 13.2;
				MTL_ENABLE_DEBUG_INFO = INCLUDE_SOURCE;
				MTL_FAST_MATH = YES;
				ONLY_ACTIVE_ARCH = YES;
				SDKROOT = iphoneos;
				SWIFT_ACTIVE_COMPILATION_CONDITIONS = DEBUG;
				SWIFT_OPTIMIZATION_LEVEL = "-Onone";
			};
			name = Debug;
		};
		064348A723DE151D007F5F9F /* Release */ = {
			isa = XCBuildConfiguration;
			buildSettings = {
				ALWAYS_SEARCH_USER_PATHS = NO;
				CLANG_ANALYZER_NONNULL = YES;
				CLANG_ANALYZER_NUMBER_OBJECT_CONVERSION = YES_AGGRESSIVE;
				CLANG_CXX_LANGUAGE_STANDARD = "gnu++14";
				CLANG_CXX_LIBRARY = "libc++";
				CLANG_ENABLE_MODULES = YES;
				CLANG_ENABLE_OBJC_ARC = YES;
				CLANG_ENABLE_OBJC_WEAK = YES;
				CLANG_WARN_BLOCK_CAPTURE_AUTORELEASING = YES;
				CLANG_WARN_BOOL_CONVERSION = YES;
				CLANG_WARN_COMMA = YES;
				CLANG_WARN_CONSTANT_CONVERSION = YES;
				CLANG_WARN_DEPRECATED_OBJC_IMPLEMENTATIONS = YES;
				CLANG_WARN_DIRECT_OBJC_ISA_USAGE = YES_ERROR;
				CLANG_WARN_DOCUMENTATION_COMMENTS = YES;
				CLANG_WARN_EMPTY_BODY = YES;
				CLANG_WARN_ENUM_CONVERSION = YES;
				CLANG_WARN_INFINITE_RECURSION = YES;
				CLANG_WARN_INT_CONVERSION = YES;
				CLANG_WARN_NON_LITERAL_NULL_CONVERSION = YES;
				CLANG_WARN_OBJC_IMPLICIT_RETAIN_SELF = YES;
				CLANG_WARN_OBJC_LITERAL_CONVERSION = YES;
				CLANG_WARN_OBJC_ROOT_CLASS = YES_ERROR;
				CLANG_WARN_RANGE_LOOP_ANALYSIS = YES;
				CLANG_WARN_STRICT_PROTOTYPES = YES;
				CLANG_WARN_SUSPICIOUS_MOVE = YES;
				CLANG_WARN_UNGUARDED_AVAILABILITY = YES_AGGRESSIVE;
				CLANG_WARN_UNREACHABLE_CODE = YES;
				CLANG_WARN__DUPLICATE_METHOD_MATCH = YES;
				COPY_PHASE_STRIP = NO;
				DEBUG_INFORMATION_FORMAT = "dwarf-with-dsym";
				ENABLE_NS_ASSERTIONS = NO;
				ENABLE_STRICT_OBJC_MSGSEND = YES;
				GCC_C_LANGUAGE_STANDARD = gnu11;
				GCC_NO_COMMON_BLOCKS = YES;
				GCC_WARN_64_TO_32_BIT_CONVERSION = YES;
				GCC_WARN_ABOUT_RETURN_TYPE = YES_ERROR;
				GCC_WARN_UNDECLARED_SELECTOR = YES;
				GCC_WARN_UNINITIALIZED_AUTOS = YES_AGGRESSIVE;
				GCC_WARN_UNUSED_FUNCTION = YES;
				GCC_WARN_UNUSED_VARIABLE = YES;
				IPHONEOS_DEPLOYMENT_TARGET = 13.2;
				MTL_ENABLE_DEBUG_INFO = NO;
				MTL_FAST_MATH = YES;
				SDKROOT = iphoneos;
				SWIFT_COMPILATION_MODE = wholemodule;
				SWIFT_OPTIMIZATION_LEVEL = "-O";
				VALIDATE_PRODUCT = YES;
			};
			name = Release;
		};
		064348A923DE151D007F5F9F /* Debug */ = {
			isa = XCBuildConfiguration;
			baseConfigurationReference = 96351132E2528A1085B69A7A /* Pods-CourseGrab.debug.xcconfig */;
			buildSettings = {
				ASSETCATALOG_COMPILER_APPICON_NAME = AppIcon;
				CODE_SIGN_ENTITLEMENTS = CourseGrab/CourseGrab.entitlements;
				CODE_SIGN_STYLE = Automatic;
				DEVELOPMENT_TEAM = ZGMCXU7X3U;
				INFOPLIST_FILE = "$(SRCROOT)/CourseGrab/Supporting/Info.plist";
				IPHONEOS_DEPLOYMENT_TARGET = 13.0;
				LD_RUNPATH_SEARCH_PATHS = (
					"$(inherited)",
					"@executable_path/Frameworks",
				);
				MARKETING_VERSION = 1.0;
				PRODUCT_BUNDLE_IDENTIFIER = org.cuappdev.CourseGrab;
				PRODUCT_NAME = "$(TARGET_NAME)";
				SWIFT_VERSION = 5.0;
				TARGETED_DEVICE_FAMILY = "1,2";
			};
			name = Debug;
		};
		064348AA23DE151D007F5F9F /* Release */ = {
			isa = XCBuildConfiguration;
			baseConfigurationReference = 4A0876CB3C16675F30651B4B /* Pods-CourseGrab.release.xcconfig */;
			buildSettings = {
				ASSETCATALOG_COMPILER_APPICON_NAME = AppIcon;
				CODE_SIGN_ENTITLEMENTS = CourseGrab/CourseGrab.entitlements;
				CODE_SIGN_STYLE = Automatic;
				DEVELOPMENT_TEAM = ZGMCXU7X3U;
				INFOPLIST_FILE = "$(SRCROOT)/CourseGrab/Supporting/Info.plist";
				IPHONEOS_DEPLOYMENT_TARGET = 13.0;
				LD_RUNPATH_SEARCH_PATHS = (
					"$(inherited)",
					"@executable_path/Frameworks",
				);
				MARKETING_VERSION = 1.0;
				PRODUCT_BUNDLE_IDENTIFIER = org.cuappdev.CourseGrab;
				PRODUCT_NAME = "$(TARGET_NAME)";
				SWIFT_VERSION = 5.0;
				TARGETED_DEVICE_FAMILY = "1,2";
			};
			name = Release;
		};
/* End XCBuildConfiguration section */

/* Begin XCConfigurationList section */
		0643488F23DE1519007F5F9F /* Build configuration list for PBXProject "CourseGrab" */ = {
			isa = XCConfigurationList;
			buildConfigurations = (
				064348A623DE151D007F5F9F /* Debug */,
				064348A723DE151D007F5F9F /* Release */,
			);
			defaultConfigurationIsVisible = 0;
			defaultConfigurationName = Release;
		};
		064348A823DE151D007F5F9F /* Build configuration list for PBXNativeTarget "CourseGrab" */ = {
			isa = XCConfigurationList;
			buildConfigurations = (
				064348A923DE151D007F5F9F /* Debug */,
				064348AA23DE151D007F5F9F /* Release */,
			);
			defaultConfigurationIsVisible = 0;
			defaultConfigurationName = Release;
		};
/* End XCConfigurationList section */
	};
	rootObject = 0643488C23DE1519007F5F9F /* Project object */;
}
